
Microsoft Visual Studio Solution File, Format Version 12.00
# Visual Studio Version 17
VisualStudioVersion = 17.3.32929.385
MinimumVisualStudioVersion = 10.0.40219.1
Project("{9A19103F-16F7-4668-BE54-9A1E7A4F7556}") = "WorkGroupProsecutor.Server", "WorkGroupProsecutor\Server\WorkGroupProsecutor.Server.csproj", "{DDA4B19F-FFFE-4A3F-B225-594CB9944C3B}"
EndProject
Project("{9A19103F-16F7-4668-BE54-9A1E7A4F7556}") = "WorkGroupProsecutor.Client", "WorkGroupProsecutor\Client\WorkGroupProsecutor.Client.csproj", "{B8752607-F574-4C00-853C-8C0CF415C99C}"
EndProject
Project("{9A19103F-16F7-4668-BE54-9A1E7A4F7556}") = "WorkGroupProsecutor.Shared", "WorkGroupProsecutor\Shared\WorkGroupProsecutor.Shared.csproj", "{F0760DF9-E288-460D-B0D2-C14FC23D5D5B}"
EndProject
Project("{FAE04EC0-301F-11D3-BF4B-00C04F79EFBC}") = "WorkGroupProsecutor.Tests", "WorkGroupProsecutor.Tests\WorkGroupProsecutor.Tests.csproj", "{49313804-1737-4F2D-97DD-3E5FED7AF4AD}"
EndProject
Global
	GlobalSection(SolutionConfigurationPlatforms) = preSolution
		Debug|Any CPU = Debug|Any CPU
		Release|Any CPU = Release|Any CPU
	EndGlobalSection
	GlobalSection(ProjectConfigurationPlatforms) = postSolution
		{DDA4B19F-FFFE-4A3F-B225-594CB9944C3B}.Debug|Any CPU.ActiveCfg = Debug|Any CPU
		{DDA4B19F-FFFE-4A3F-B225-594CB9944C3B}.Debug|Any CPU.Build.0 = Debug|Any CPU
		{DDA4B19F-FFFE-4A3F-B225-594CB9944C3B}.Release|Any CPU.ActiveCfg = Release|Any CPU
		{DDA4B19F-FFFE-4A3F-B225-594CB9944C3B}.Release|Any CPU.Build.0 = Release|Any CPU
		{B8752607-F574-4C00-853C-8C0CF415C99C}.Debug|Any CPU.ActiveCfg = Debug|Any CPU
		{B8752607-F574-4C00-853C-8C0CF415C99C}.Debug|Any CPU.Build.0 = Debug|Any CPU
		{B8752607-F574-4C00-853C-8C0CF415C99C}.Release|Any CPU.ActiveCfg = Release|Any CPU
		{B8752607-F574-4C00-853C-8C0CF415C99C}.Release|Any CPU.Build.0 = Release|Any CPU
		{F0760DF9-E288-460D-B0D2-C14FC23D5D5B}.Debug|Any CPU.ActiveCfg = Debug|Any CPU
		{F0760DF9-E288-460D-B0D2-C14FC23D5D5B}.Debug|Any CPU.Build.0 = Debug|Any CPU
		{F0760DF9-E288-460D-B0D2-C14FC23D5D5B}.Release|Any CPU.ActiveCfg = Release|Any CPU
		{F0760DF9-E288-460D-B0D2-C14FC23D5D5B}.Release|Any CPU.Build.0 = Release|Any CPU
		{49313804-1737-4F2D-97DD-3E5FED7AF4AD}.Debug|Any CPU.ActiveCfg = Debug|Any CPU
		{49313804-1737-4F2D-97DD-3E5FED7AF4AD}.Debug|Any CPU.Build.0 = Debug|Any CPU
		{49313804-1737-4F2D-97DD-3E5FED7AF4AD}.Release|Any CPU.ActiveCfg = Release|Any CPU
		{49313804-1737-4F2D-97DD-3E5FED7AF4AD}.Release|Any CPU.Build.0 = Release|Any CPU
	EndGlobalSection
	GlobalSection(SolutionProperties) = preSolution
		HideSolutionNode = FALSE
	EndGlobalSection
	GlobalSection(ExtensibilityGlobals) = postSolution
		SolutionGuid = {EE560068-0B2B-4D18-ACEC-DB584CEF0464}
	EndGlobalSection
EndGlobal
